
Microsoft Visual Studio Solution File, Format Version 12.00
# Visual Studio Version 17
VisualStudioVersion = 17.0.31717.71
MinimumVisualStudioVersion = 10.0.40219.1
Project("{9A19103F-16F7-4668-BE54-9A1E7A4F7556}") = "ControlCalidad", "ControlCalidad.csproj", "{DF9AF76F-57DD-481F-ADAB-24ECC3C7011D}"
EndProject
Global
	GlobalSection(SolutionConfigurationPlatforms) = preSolution
		Debug|Any CPU = Debug|Any CPU
		Release|Any CPU = Release|Any CPU
	EndGlobalSection
	GlobalSection(ProjectConfigurationPlatforms) = postSolution
		{DF9AF76F-57DD-481F-ADAB-24ECC3C7011D}.Debug|Any CPU.ActiveCfg = Debug|Any CPU
		{DF9AF76F-57DD-481F-ADAB-24ECC3C7011D}.Debug|Any CPU.Build.0 = Debug|Any CPU
		{DF9AF76F-57DD-481F-ADAB-24ECC3C7011D}.Release|Any CPU.ActiveCfg = Release|Any CPU
		{DF9AF76F-57DD-481F-ADAB-24ECC3C7011D}.Release|Any CPU.Build.0 = Release|Any CPU
	EndGlobalSection
	GlobalSection(SolutionProperties) = preSolution
		HideSolutionNode = FALSE
	EndGlobalSection
	GlobalSection(ExtensibilityGlobals) = postSolution
		SolutionGuid = {AC906A89-1650-456F-998E-95A522162A3D}
	EndGlobalSection
EndGlobal